// !$*UTF8*$!
{
	archiveVersion = 1;
	classes = {
	};
	objectVersion = 50;
	objects = {

/* Begin PBXBuildFile section */
		AC119C3B2264065100F8E06D /* AppDelegate.swift in Sources */ = {isa = PBXBuildFile; fileRef = AC119C3A2264065100F8E06D /* AppDelegate.swift */; };
		AC119C3D2264065100F8E06D /* ViewController.swift in Sources */ = {isa = PBXBuildFile; fileRef = AC119C3C2264065100F8E06D /* ViewController.swift */; };
		AC119C402264065100F8E06D /* Main.storyboard in Resources */ = {isa = PBXBuildFile; fileRef = AC119C3E2264065100F8E06D /* Main.storyboard */; };
		AC119C422264065400F8E06D /* Assets.xcassets in Resources */ = {isa = PBXBuildFile; fileRef = AC119C412264065400F8E06D /* Assets.xcassets */; };
		AC119C452264065400F8E06D /* LaunchScreen.storyboard in Resources */ = {isa = PBXBuildFile; fileRef = AC119C432264065400F8E06D /* LaunchScreen.storyboard */; };
		ACD6915222751A57005CEAF0 /* SignUpViewController.swift in Sources */ = {isa = PBXBuildFile; fileRef = ACD6915122751A57005CEAF0 /* SignUpViewController.swift */; };
		ACD6915422753203005CEAF0 /* HomeViewController.swift in Sources */ = {isa = PBXBuildFile; fileRef = ACD6915322753202005CEAF0 /* HomeViewController.swift */; };
		ACD7ED742285DE29004A7489 /* PostTweetViewController.swift in Sources */ = {isa = PBXBuildFile; fileRef = ACD7ED732285DE29004A7489 /* PostTweetViewController.swift */; };
		ACE9955D22641B3000AF98C7 /* logo.png in Resources */ = {isa = PBXBuildFile; fileRef = ACE9955C22641B3000AF98C7 /* logo.png */; };
		F404698422878E9A005D423A /* ProfileViewController.swift in Sources */ = {isa = PBXBuildFile; fileRef = F404698322878E9A005D423A /* ProfileViewController.swift */; };
		F404698622879015005D423A /* CameraHandler.swift in Sources */ = {isa = PBXBuildFile; fileRef = F404698522879015005D423A /* CameraHandler.swift */; };
/* End PBXBuildFile section */

/* Begin PBXFileReference section */
		AC119C372264065100F8E06D /* Twitter-Clone.app */ = {isa = PBXFileReference; explicitFileType = wrapper.application; includeInIndex = 0; path = "Twitter-Clone.app"; sourceTree = BUILT_PRODUCTS_DIR; };
		AC119C3A2264065100F8E06D /* AppDelegate.swift */ = {isa = PBXFileReference; lastKnownFileType = sourcecode.swift; path = AppDelegate.swift; sourceTree = "<group>"; };
		AC119C3C2264065100F8E06D /* ViewController.swift */ = {isa = PBXFileReference; lastKnownFileType = sourcecode.swift; path = ViewController.swift; sourceTree = "<group>"; };
		AC119C3F2264065100F8E06D /* Base */ = {isa = PBXFileReference; lastKnownFileType = file.storyboard; name = Base; path = Base.lproj/Main.storyboard; sourceTree = "<group>"; };
		AC119C412264065400F8E06D /* Assets.xcassets */ = {isa = PBXFileReference; lastKnownFileType = folder.assetcatalog; path = Assets.xcassets; sourceTree = "<group>"; };
		AC119C442264065400F8E06D /* Base */ = {isa = PBXFileReference; lastKnownFileType = file.storyboard; name = Base; path = Base.lproj/LaunchScreen.storyboard; sourceTree = "<group>"; };
		AC119C462264065400F8E06D /* Info.plist */ = {isa = PBXFileReference; lastKnownFileType = text.plist.xml; path = Info.plist; sourceTree = "<group>"; };
		ACD6915122751A57005CEAF0 /* SignUpViewController.swift */ = {isa = PBXFileReference; lastKnownFileType = sourcecode.swift; path = SignUpViewController.swift; sourceTree = "<group>"; };
		ACD6915322753202005CEAF0 /* HomeViewController.swift */ = {isa = PBXFileReference; lastKnownFileType = sourcecode.swift; path = HomeViewController.swift; sourceTree = "<group>"; };
		ACD7ED732285DE29004A7489 /* PostTweetViewController.swift */ = {isa = PBXFileReference; lastKnownFileType = sourcecode.swift; path = PostTweetViewController.swift; sourceTree = "<group>"; };
		ACE9955C22641B3000AF98C7 /* logo.png */ = {isa = PBXFileReference; lastKnownFileType = image.png; name = logo.png; path = images/logo.png; sourceTree = SOURCE_ROOT; };
		F404698322878E9A005D423A /* ProfileViewController.swift */ = {isa = PBXFileReference; lastKnownFileType = sourcecode.swift; path = ProfileViewController.swift; sourceTree = "<group>"; };
		F404698522879015005D423A /* CameraHandler.swift */ = {isa = PBXFileReference; lastKnownFileType = sourcecode.swift; path = CameraHandler.swift; sourceTree = "<group>"; };
/* End PBXFileReference section */

/* Begin PBXFrameworksBuildPhase section */
		AC119C342264065100F8E06D /* Frameworks */ = {
			isa = PBXFrameworksBuildPhase;
			buildActionMask = 2147483647;
			files = (
			);
			runOnlyForDeploymentPostprocessing = 0;
		};
/* End PBXFrameworksBuildPhase section */

/* Begin PBXGroup section */
		AC119C2E2264065100F8E06D = {
			isa = PBXGroup;
			children = (
				AC119C392264065100F8E06D /* Twitter-Clone */,
				AC119C382264065100F8E06D /* Products */,
			);
			sourceTree = "<group>";
		};
		AC119C382264065100F8E06D /* Products */ = {
			isa = PBXGroup;
			children = (
				AC119C372264065100F8E06D /* Twitter-Clone.app */,
			);
			name = Products;
			sourceTree = "<group>";
		};
		AC119C392264065100F8E06D /* Twitter-Clone */ = {
			isa = PBXGroup;
			children = (
				ACE9955C22641B3000AF98C7 /* logo.png */,
				ACD6915322753202005CEAF0 /* HomeViewController.swift */,
				AC119C3A2264065100F8E06D /* AppDelegate.swift */,
				AC119C3C2264065100F8E06D /* ViewController.swift */,
				AC119C3E2264065100F8E06D /* Main.storyboard */,
				AC119C412264065400F8E06D /* Assets.xcassets */,
				AC119C432264065400F8E06D /* LaunchScreen.storyboard */,
				AC119C462264065400F8E06D /* Info.plist */,
				ACD6915122751A57005CEAF0 /* SignUpViewController.swift */,
				ACD7ED732285DE29004A7489 /* PostTweetViewController.swift */,
				F404698322878E9A005D423A /* ProfileViewController.swift */,
				F404698522879015005D423A /* CameraHandler.swift */,
			);
			path = "Twitter-Clone";
			sourceTree = "<group>";
		};
/* End PBXGroup section */

/* Begin PBXNativeTarget section */
		AC119C362264065100F8E06D /* Twitter-Clone */ = {
			isa = PBXNativeTarget;
			buildConfigurationList = AC119C492264065400F8E06D /* Build configuration list for PBXNativeTarget "Twitter-Clone" */;
			buildPhases = (
				AC119C332264065100F8E06D /* Sources */,
				AC119C342264065100F8E06D /* Frameworks */,
				AC119C352264065100F8E06D /* Resources */,
			);
			buildRules = (
			);
			dependencies = (
			);
			name = "Twitter-Clone";
			productName = "Twitter-Clone";
			productReference = AC119C372264065100F8E06D /* Twitter-Clone.app */;
			productType = "com.apple.product-type.application";
		};
/* End PBXNativeTarget section */

/* Begin PBXProject section */
		AC119C2F2264065100F8E06D /* Project object */ = {
			isa = PBXProject;
			attributes = {
				LastSwiftUpdateCheck = 1010;
				LastUpgradeCheck = 1010;
				ORGANIZATIONNAME = SFSU;
				TargetAttributes = {
					AC119C362264065100F8E06D = {
						CreatedOnToolsVersion = 10.1;
					};
				};
			};
			buildConfigurationList = AC119C322264065100F8E06D /* Build configuration list for PBXProject "Twitter-Clone" */;
			compatibilityVersion = "Xcode 9.3";
			developmentRegion = en;
			hasScannedForEncodings = 0;
			knownRegions = (
				en,
				Base,
			);
			mainGroup = AC119C2E2264065100F8E06D;
			productRefGroup = AC119C382264065100F8E06D /* Products */;
			projectDirPath = "";
			projectRoot = "";
			targets = (
				AC119C362264065100F8E06D /* Twitter-Clone */,
			);
		};
/* End PBXProject section */

/* Begin PBXResourcesBuildPhase section */
		AC119C352264065100F8E06D /* Resources */ = {
			isa = PBXResourcesBuildPhase;
			buildActionMask = 2147483647;
			files = (
				ACE9955D22641B3000AF98C7 /* logo.png in Resources */,
				AC119C452264065400F8E06D /* LaunchScreen.storyboard in Resources */,
				AC119C422264065400F8E06D /* Assets.xcassets in Resources */,
				AC119C402264065100F8E06D /* Main.storyboard in Resources */,
			);
			runOnlyForDeploymentPostprocessing = 0;
		};
/* End PBXResourcesBuildPhase section */

/* Begin PBXSourcesBuildPhase section */
		AC119C332264065100F8E06D /* Sources */ = {
			isa = PBXSourcesBuildPhase;
			buildActionMask = 2147483647;
			files = (
				F404698622879015005D423A /* CameraHandler.swift in Sources */,
				F404698422878E9A005D423A /* ProfileViewController.swift in Sources */,
				ACD7ED742285DE29004A7489 /* PostTweetViewController.swift in Sources */,
				ACD6915222751A57005CEAF0 /* SignUpViewController.swift in Sources */,
				AC119C3D2264065100F8E06D /* ViewController.swift in Sources */,
				AC119C3B2264065100F8E06D /* AppDelegate.swift in Sources */,
				ACD6915422753203005CEAF0 /* HomeViewController.swift in Sources */,
			);
			runOnlyForDeploymentPostprocessing = 0;
		};
/* End PBXSourcesBuildPhase section */

/* Begin PBXVariantGroup section */
		AC119C3E2264065100F8E06D /* Main.storyboard */ = {
			isa = PBXVariantGroup;
			children = (
				AC119C3F2264065100F8E06D /* Base */,
			);
			name = Main.storyboard;
			sourceTree = "<group>";
		};
		AC119C432264065400F8E06D /* LaunchScreen.storyboard */ = {
			isa = PBXVariantGroup;
			children = (
				AC119C442264065400F8E06D /* Base */,
			);
			name = LaunchScreen.storyboard;
			sourceTree = "<group>";
		};
/* End PBXVariantGroup section */

/* Begin XCBuildConfiguration section */
		AC119C472264065400F8E06D /* Debug */ = {
			isa = XCBuildConfiguration;
			buildSettings = {
				ALWAYS_SEARCH_USER_PATHS = NO;
				CLANG_ANALYZER_NONNULL = YES;
				CLANG_ANALYZER_NUMBER_OBJECT_CONVERSION = YES_AGGRESSIVE;
				CLANG_CXX_LANGUAGE_STANDARD = "gnu++14";
				CLANG_CXX_LIBRARY = "libc++";
				CLANG_ENABLE_MODULES = YES;
				CLANG_ENABLE_OBJC_ARC = YES;
				CLANG_ENABLE_OBJC_WEAK = YES;
				CLANG_WARN_BLOCK_CAPTURE_AUTORELEASING = YES;
				CLANG_WARN_BOOL_CONVERSION = YES;
				CLANG_WARN_COMMA = YES;
				CLANG_WARN_CONSTANT_CONVERSION = YES;
				CLANG_WARN_DEPRECATED_OBJC_IMPLEMENTATIONS = YES;
				CLANG_WARN_DIRECT_OBJC_ISA_USAGE = YES_ERROR;
				CLANG_WARN_DOCUMENTATION_COMMENTS = YES;
				CLANG_WARN_EMPTY_BODY = YES;
				CLANG_WARN_ENUM_CONVERSION = YES;
				CLANG_WARN_INFINITE_RECURSION = YES;
				CLANG_WARN_INT_CONVERSION = YES;
				CLANG_WARN_NON_LITERAL_NULL_CONVERSION = YES;
				CLANG_WARN_OBJC_IMPLICIT_RETAIN_SELF = YES;
				CLANG_WARN_OBJC_LITERAL_CONVERSION = YES;
				CLANG_WARN_OBJC_ROOT_CLASS = YES_ERROR;
				CLANG_WARN_RANGE_LOOP_ANALYSIS = YES;
				CLANG_WARN_STRICT_PROTOTYPES = YES;
				CLANG_WARN_SUSPICIOUS_MOVE = YES;
				CLANG_WARN_UNGUARDED_AVAILABILITY = YES_AGGRESSIVE;
				CLANG_WARN_UNREACHABLE_CODE = YES;
				CLANG_WARN__DUPLICATE_METHOD_MATCH = YES;
				CODE_SIGN_IDENTITY = "iPhone Developer";
				COPY_PHASE_STRIP = NO;
				DEBUG_INFORMATION_FORMAT = dwarf;
				ENABLE_STRICT_OBJC_MSGSEND = YES;
				ENABLE_TESTABILITY = YES;
				GCC_C_LANGUAGE_STANDARD = gnu11;
				GCC_DYNAMIC_NO_PIC = NO;
				GCC_NO_COMMON_BLOCKS = YES;
				GCC_OPTIMIZATION_LEVEL = 0;
				GCC_PREPROCESSOR_DEFINITIONS = (
					"DEBUG=1",
					"$(inherited)",
				);
				GCC_WARN_64_TO_32_BIT_CONVERSION = YES;
				GCC_WARN_ABOUT_RETURN_TYPE = YES_ERROR;
				GCC_WARN_UNDECLARED_SELECTOR = YES;
				GCC_WARN_UNINITIALIZED_AUTOS = YES_AGGRESSIVE;
				GCC_WARN_UNUSED_FUNCTION = YES;
				GCC_WARN_UNUSED_VARIABLE = YES;
				IPHONEOS_DEPLOYMENT_TARGET = 12.1;
				MTL_ENABLE_DEBUG_INFO = INCLUDE_SOURCE;
				MTL_FAST_MATH = YES;
				ONLY_ACTIVE_ARCH = YES;
				SDKROOT = iphoneos;
				SWIFT_ACTIVE_COMPILATION_CONDITIONS = DEBUG;
				SWIFT_OPTIMIZATION_LEVEL = "-Onone";
			};
			name = Debug;
		};
		AC119C482264065400F8E06D /* Release */ = {
			isa = XCBuildConfiguration;
			buildSettings = {
				ALWAYS_SEARCH_USER_PATHS = NO;
				CLANG_ANALYZER_NONNULL = YES;
				CLANG_ANALYZER_NUMBER_OBJECT_CONVERSION = YES_AGGRESSIVE;
				CLANG_CXX_LANGUAGE_STANDARD = "gnu++14";
				CLANG_CXX_LIBRARY = "libc++";
				CLANG_ENABLE_MODULES = YES;
				CLANG_ENABLE_OBJC_ARC = YES;
				CLANG_ENABLE_OBJC_WEAK = YES;
				CLANG_WARN_BLOCK_CAPTURE_AUTORELEASING = YES;
				CLANG_WARN_BOOL_CONVERSION = YES;
				CLANG_WARN_COMMA = YES;
				CLANG_WARN_CONSTANT_CONVERSION = YES;
				CLANG_WARN_DEPRECATED_OBJC_IMPLEMENTATIONS = YES;
				CLANG_WARN_DIRECT_OBJC_ISA_USAGE = YES_ERROR;
				CLANG_WARN_DOCUMENTATION_COMMENTS = YES;
				CLANG_WARN_EMPTY_BODY = YES;
				CLANG_WARN_ENUM_CONVERSION = YES;
				CLANG_WARN_INFINITE_RECURSION = YES;
				CLANG_WARN_INT_CONVERSION = YES;
				CLANG_WARN_NON_LITERAL_NULL_CONVERSION = YES;
				CLANG_WARN_OBJC_IMPLICIT_RETAIN_SELF = YES;
				CLANG_WARN_OBJC_LITERAL_CONVERSION = YES;
				CLANG_WARN_OBJC_ROOT_CLASS = YES_ERROR;
				CLANG_WARN_RANGE_LOOP_ANALYSIS = YES;
				CLANG_WARN_STRICT_PROTOTYPES = YES;
				CLANG_WARN_SUSPICIOUS_MOVE = YES;
				CLANG_WARN_UNGUARDED_AVAILABILITY = YES_AGGRESSIVE;
				CLANG_WARN_UNREACHABLE_CODE = YES;
				CLANG_WARN__DUPLICATE_METHOD_MATCH = YES;
				CODE_SIGN_IDENTITY = "iPhone Developer";
				COPY_PHASE_STRIP = NO;
				DEBUG_INFORMATION_FORMAT = "dwarf-with-dsym";
				ENABLE_NS_ASSERTIONS = NO;
				ENABLE_STRICT_OBJC_MSGSEND = YES;
				GCC_C_LANGUAGE_STANDARD = gnu11;
				GCC_NO_COMMON_BLOCKS = YES;
				GCC_WARN_64_TO_32_BIT_CONVERSION = YES;
				GCC_WARN_ABOUT_RETURN_TYPE = YES_ERROR;
				GCC_WARN_UNDECLARED_SELECTOR = YES;
				GCC_WARN_UNINITIALIZED_AUTOS = YES_AGGRESSIVE;
				GCC_WARN_UNUSED_FUNCTION = YES;
				GCC_WARN_UNUSED_VARIABLE = YES;
				IPHONEOS_DEPLOYMENT_TARGET = 12.1;
				MTL_ENABLE_DEBUG_INFO = NO;
				MTL_FAST_MATH = YES;
				SDKROOT = iphoneos;
				SWIFT_COMPILATION_MODE = wholemodule;
				SWIFT_OPTIMIZATION_LEVEL = "-O";
				VALIDATE_PRODUCT = YES;
			};
			name = Release;
		};
		AC119C4A2264065400F8E06D /* Debug */ = {
			isa = XCBuildConfiguration;
			buildSettings = {
				ASSETCATALOG_COMPILER_APPICON_NAME = AppIcon;
				CODE_SIGN_STYLE = Automatic;
				INFOPLIST_FILE = "Twitter-Clone/Info.plist";
				LD_RUNPATH_SEARCH_PATHS = (
					"$(inherited)",
					"@executable_path/Frameworks",
				);
				PRODUCT_BUNDLE_IDENTIFIER = "CSC-690.Twitter-Clone";
				PRODUCT_NAME = "$(TARGET_NAME)";
				SWIFT_VERSION = 4.2;
				TARGETED_DEVICE_FAMILY = "1,2";
			};
			name = Debug;
		};
		AC119C4B2264065400F8E06D /* Release */ = {
			isa = XCBuildConfiguration;
			buildSettings = {
				ASSETCATALOG_COMPILER_APPICON_NAME = AppIcon;
				CODE_SIGN_STYLE = Automatic;
				INFOPLIST_FILE = "Twitter-Clone/Info.plist";
				LD_RUNPATH_SEARCH_PATHS = (
					"$(inherited)",
					"@executable_path/Frameworks",
				);
				PRODUCT_BUNDLE_IDENTIFIER = "CSC-690.Twitter-Clone";
				PRODUCT_NAME = "$(TARGET_NAME)";
				SWIFT_VERSION = 4.2;
				TARGETED_DEVICE_FAMILY = "1,2";
			};
			name = Release;
		};
/* End XCBuildConfiguration section */

/* Begin XCConfigurationList section */
		AC119C322264065100F8E06D /* Build configuration list for PBXProject "Twitter-Clone" */ = {
			isa = XCConfigurationList;
			buildConfigurations = (
				AC119C472264065400F8E06D /* Debug */,
				AC119C482264065400F8E06D /* Release */,
			);
			defaultConfigurationIsVisible = 0;
			defaultConfigurationName = Release;
		};
		AC119C492264065400F8E06D /* Build configuration list for PBXNativeTarget "Twitter-Clone" */ = {
			isa = XCConfigurationList;
			buildConfigurations = (
				AC119C4A2264065400F8E06D /* Debug */,
				AC119C4B2264065400F8E06D /* Release */,
			);
			defaultConfigurationIsVisible = 0;
			defaultConfigurationName = Release;
		};
/* End XCConfigurationList section */
	};
	rootObject = AC119C2F2264065100F8E06D /* Project object */;
}
